
Microsoft Visual Studio Solution File, Format Version 12.00
# Visual Studio Version 17
VisualStudioVersion = 17.7.34031.279
MinimumVisualStudioVersion = 10.0.40219.1
Project("{FAE04EC0-301F-11D3-BF4B-00C04F79EFBC}") = "CupcakeKata", "CupcakeKata\CupcakeKata.csproj", "{45B66C2B-2445-44C9-B240-5909AAA62026}"
EndProject
Global
	GlobalSection(SolutionConfigurationPlatforms) = preSolution
		Debug|Any CPU = Debug|Any CPU
		Release|Any CPU = Release|Any CPU
	EndGlobalSection
	GlobalSection(ProjectConfigurationPlatforms) = postSolution
		{45B66C2B-2445-44C9-B240-5909AAA62026}.Debug|Any CPU.ActiveCfg = Debug|Any CPU
		{45B66C2B-2445-44C9-B240-5909AAA62026}.Debug|Any CPU.Build.0 = Debug|Any CPU
		{45B66C2B-2445-44C9-B240-5909AAA62026}.Release|Any CPU.ActiveCfg = Release|Any CPU
		{45B66C2B-2445-44C9-B240-5909AAA62026}.Release|Any CPU.Build.0 = Release|Any CPU
	EndGlobalSection
	GlobalSection(SolutionProperties) = preSolution
		HideSolutionNode = FALSE
	EndGlobalSection
	GlobalSection(ExtensibilityGlobals) = postSolution
		SolutionGuid = {0397534E-7F79-46AB-B931-BE2CCB6623EC}
	EndGlobalSection
EndGlobal
